
Microsoft Visual Studio Solution File, Format Version 12.00
# Visual Studio 15
VisualStudioVersion = 15.0.28010.2003
MinimumVisualStudioVersion = 10.0.40219.1
Project("{FAE04EC0-301F-11D3-BF4B-00C04F79EFBC}") = "01.Unique Usernames", "01.Unique Usernames\01.Unique Usernames.csproj", "{54D72261-70CE-4C63-BF00-98BD8C325AAA}"
EndProject
Project("{FAE04EC0-301F-11D3-BF4B-00C04F79EFBC}") = "02.Sets of Elements", "02.Sets of Elements\02.Sets of Elements.csproj", "{71A32336-FA0E-40F3-9C83-43750FF81FBD}"
EndProject
Project("{FAE04EC0-301F-11D3-BF4B-00C04F79EFBC}") = "03.Periodic Table", "03.Periodic Table\03.Periodic Table.csproj", "{1786387F-2FB9-4A7A-A0FB-306C2806D4FA}"
EndProject
Project("{FAE04EC0-301F-11D3-BF4B-00C04F79EFBC}") = "05.Count Symbols", "05.Count Symbols\05.Count Symbols.csproj", "{EC00767F-01C4-40C7-A3F1-5D036E29D7BA}"
EndProject
Global
	GlobalSection(SolutionConfigurationPlatforms) = preSolution
		Debug|Any CPU = Debug|Any CPU
		Release|Any CPU = Release|Any CPU
	EndGlobalSection
	GlobalSection(ProjectConfigurationPlatforms) = postSolution
		{54D72261-70CE-4C63-BF00-98BD8C325AAA}.Debug|Any CPU.ActiveCfg = Debug|Any CPU
		{54D72261-70CE-4C63-BF00-98BD8C325AAA}.Debug|Any CPU.Build.0 = Debug|Any CPU
		{54D72261-70CE-4C63-BF00-98BD8C325AAA}.Release|Any CPU.ActiveCfg = Release|Any CPU
		{54D72261-70CE-4C63-BF00-98BD8C325AAA}.Release|Any CPU.Build.0 = Release|Any CPU
		{71A32336-FA0E-40F3-9C83-43750FF81FBD}.Debug|Any CPU.ActiveCfg = Debug|Any CPU
		{71A32336-FA0E-40F3-9C83-43750FF81FBD}.Debug|Any CPU.Build.0 = Debug|Any CPU
		{71A32336-FA0E-40F3-9C83-43750FF81FBD}.Release|Any CPU.ActiveCfg = Release|Any CPU
		{71A32336-FA0E-40F3-9C83-43750FF81FBD}.Release|Any CPU.Build.0 = Release|Any CPU
		{1786387F-2FB9-4A7A-A0FB-306C2806D4FA}.Debug|Any CPU.ActiveCfg = Debug|Any CPU
		{1786387F-2FB9-4A7A-A0FB-306C2806D4FA}.Debug|Any CPU.Build.0 = Debug|Any CPU
		{1786387F-2FB9-4A7A-A0FB-306C2806D4FA}.Release|Any CPU.ActiveCfg = Release|Any CPU
		{1786387F-2FB9-4A7A-A0FB-306C2806D4FA}.Release|Any CPU.Build.0 = Release|Any CPU
		{EC00767F-01C4-40C7-A3F1-5D036E29D7BA}.Debug|Any CPU.ActiveCfg = Debug|Any CPU
		{EC00767F-01C4-40C7-A3F1-5D036E29D7BA}.Debug|Any CPU.Build.0 = Debug|Any CPU
		{EC00767F-01C4-40C7-A3F1-5D036E29D7BA}.Release|Any CPU.ActiveCfg = Release|Any CPU
		{EC00767F-01C4-40C7-A3F1-5D036E29D7BA}.Release|Any CPU.Build.0 = Release|Any CPU
	EndGlobalSection
	GlobalSection(SolutionProperties) = preSolution
		HideSolutionNode = FALSE
	EndGlobalSection
	GlobalSection(ExtensibilityGlobals) = postSolution
		SolutionGuid = {F8959BBA-3A44-4194-A396-F712C84CA75D}
	EndGlobalSection
EndGlobal
