
Microsoft Visual Studio Solution File, Format Version 12.00
# Visual Studio 15
VisualStudioVersion = 15.0.28010.2016
MinimumVisualStudioVersion = 10.0.40219.1
Project("{FAE04EC0-301F-11D3-BF4B-00C04F79EFBC}") = "C Sharp Advanced Exercises", "C Sharp Advanced Exercises\C Sharp Advanced Exercises.csproj", "{4AE76847-780B-4459-98FC-63D9B7C21B6D}"
EndProject
Project("{FAE04EC0-301F-11D3-BF4B-00C04F79EFBC}") = "BasicStackOperations", "BasicStackOperations\BasicStackOperations.csproj", "{D47F07A8-F980-4EBD-AAD6-A6C0CC18F950}"
EndProject
Project("{FAE04EC0-301F-11D3-BF4B-00C04F79EFBC}") = "ConsoleApp1", "ConsoleApp1\ConsoleApp1.csproj", "{1437C577-F36F-4A0A-B130-EF335A156A29}"
EndProject
Global
	GlobalSection(SolutionConfigurationPlatforms) = preSolution
		Debug|Any CPU = Debug|Any CPU
		Release|Any CPU = Release|Any CPU
	EndGlobalSection
	GlobalSection(ProjectConfigurationPlatforms) = postSolution
		{4AE76847-780B-4459-98FC-63D9B7C21B6D}.Debug|Any CPU.ActiveCfg = Debug|Any CPU
		{4AE76847-780B-4459-98FC-63D9B7C21B6D}.Debug|Any CPU.Build.0 = Debug|Any CPU
		{4AE76847-780B-4459-98FC-63D9B7C21B6D}.Release|Any CPU.ActiveCfg = Release|Any CPU
		{4AE76847-780B-4459-98FC-63D9B7C21B6D}.Release|Any CPU.Build.0 = Release|Any CPU
		{D47F07A8-F980-4EBD-AAD6-A6C0CC18F950}.Debug|Any CPU.ActiveCfg = Debug|Any CPU
		{D47F07A8-F980-4EBD-AAD6-A6C0CC18F950}.Debug|Any CPU.Build.0 = Debug|Any CPU
		{D47F07A8-F980-4EBD-AAD6-A6C0CC18F950}.Release|Any CPU.ActiveCfg = Release|Any CPU
		{D47F07A8-F980-4EBD-AAD6-A6C0CC18F950}.Release|Any CPU.Build.0 = Release|Any CPU
		{1437C577-F36F-4A0A-B130-EF335A156A29}.Debug|Any CPU.ActiveCfg = Debug|Any CPU
		{1437C577-F36F-4A0A-B130-EF335A156A29}.Debug|Any CPU.Build.0 = Debug|Any CPU
		{1437C577-F36F-4A0A-B130-EF335A156A29}.Release|Any CPU.ActiveCfg = Release|Any CPU
		{1437C577-F36F-4A0A-B130-EF335A156A29}.Release|Any CPU.Build.0 = Release|Any CPU
	EndGlobalSection
	GlobalSection(SolutionProperties) = preSolution
		HideSolutionNode = FALSE
	EndGlobalSection
	GlobalSection(ExtensibilityGlobals) = postSolution
		SolutionGuid = {D1236C25-A8BD-44CB-8E22-B91CE066AD92}
	EndGlobalSection
EndGlobal
