
Microsoft Visual Studio Solution File, Format Version 12.00
# Visual Studio 15
VisualStudioVersion = 15.0.28010.2016
MinimumVisualStudioVersion = 10.0.40219.1
Project("{9A19103F-16F7-4668-BE54-9A1E7A4F7556}") = "03. 2x2 Squares in Matrix", "03. 2x2 Squares in Matrix\03. 2x2 Squares in Matrix.csproj", "{6C316DC7-76DF-4339-AE12-FEF853688DF2}"
EndProject
Project("{9A19103F-16F7-4668-BE54-9A1E7A4F7556}") = "04.Maximal Sum", "04.Maximal Sum\04.Maximal Sum.csproj", "{953502B0-CA1E-45A8-9709-EB43E0BBE357}"
EndProject
Project("{9A19103F-16F7-4668-BE54-9A1E7A4F7556}") = "01.Matrix of Polindromes", "01.Matrix of Polindromes\01.Matrix of Polindromes.csproj", "{933FAB10-269A-456B-BAA0-CBE469A3088C}"
EndProject
Project("{9A19103F-16F7-4668-BE54-9A1E7A4F7556}") = "02.Diagonal Differecnce", "02.Diagonal Differecnce\02.Diagonal Differecnce.csproj", "{06B61114-881B-470D-9F30-EDC988FCE6C6}"
EndProject
Project("{FAE04EC0-301F-11D3-BF4B-00C04F79EFBC}") = "05. Rubik's Matrix", "05. Rubik's Matrix\05. Rubik's Matrix.csproj", "{00B98E2B-2085-43C5-8466-D4F39DB9AC7F}"
EndProject
Project("{FAE04EC0-301F-11D3-BF4B-00C04F79EFBC}") = "06. Target Practice", "06. Target Practice\06. Target Practice.csproj", "{6C418D49-1B2A-4534-8B07-09FFEF9FEF0B}"
EndProject
Project("{FAE04EC0-301F-11D3-BF4B-00C04F79EFBC}") = "07. Lego Blocks", "07. Lego Blocks\07. Lego Blocks.csproj", "{D5B34734-DCA3-4312-8EC3-5B6683BB852D}"
EndProject
Project("{FAE04EC0-301F-11D3-BF4B-00C04F79EFBC}") = "08. Radioactive Bunnies", "08. Radioactive Bunnies\08. Radioactive Bunnies.csproj", "{9AD51BF5-EFDF-4AAC-8AE6-C1D567ED32D0}"
EndProject
Project("{FAE04EC0-301F-11D3-BF4B-00C04F79EFBC}") = "09. Crossfire", "09. Crossfire\09. Crossfire.csproj", "{62629B88-B8F0-4CBB-816C-136EED432C9F}"
EndProject
Project("{FAE04EC0-301F-11D3-BF4B-00C04F79EFBC}") = "10. The Heigan Dance", "10. The Heigan Dance\10. The Heigan Dance.csproj", "{9E110AA6-1D22-4C0D-85F3-655C513FA858}"
EndProject
Project("{FAE04EC0-301F-11D3-BF4B-00C04F79EFBC}") = "11. Parking System", "11. Parking System\11. Parking System.csproj", "{6FA0FED2-4930-470F-82FD-FCF3FCC80C1A}"
EndProject
Project("{FAE04EC0-301F-11D3-BF4B-00C04F79EFBC}") = "12. String Matrix Rotation", "12. String Matrix Rotation\12. String Matrix Rotation.csproj", "{A21A863F-96DC-4A9C-8DC9-569625CF2229}"
EndProject
Global
	GlobalSection(SolutionConfigurationPlatforms) = preSolution
		Debug|Any CPU = Debug|Any CPU
		Release|Any CPU = Release|Any CPU
	EndGlobalSection
	GlobalSection(ProjectConfigurationPlatforms) = postSolution
		{6C316DC7-76DF-4339-AE12-FEF853688DF2}.Debug|Any CPU.ActiveCfg = Debug|Any CPU
		{6C316DC7-76DF-4339-AE12-FEF853688DF2}.Debug|Any CPU.Build.0 = Debug|Any CPU
		{6C316DC7-76DF-4339-AE12-FEF853688DF2}.Release|Any CPU.ActiveCfg = Release|Any CPU
		{6C316DC7-76DF-4339-AE12-FEF853688DF2}.Release|Any CPU.Build.0 = Release|Any CPU
		{953502B0-CA1E-45A8-9709-EB43E0BBE357}.Debug|Any CPU.ActiveCfg = Debug|Any CPU
		{953502B0-CA1E-45A8-9709-EB43E0BBE357}.Debug|Any CPU.Build.0 = Debug|Any CPU
		{953502B0-CA1E-45A8-9709-EB43E0BBE357}.Release|Any CPU.ActiveCfg = Release|Any CPU
		{953502B0-CA1E-45A8-9709-EB43E0BBE357}.Release|Any CPU.Build.0 = Release|Any CPU
		{933FAB10-269A-456B-BAA0-CBE469A3088C}.Debug|Any CPU.ActiveCfg = Debug|Any CPU
		{933FAB10-269A-456B-BAA0-CBE469A3088C}.Debug|Any CPU.Build.0 = Debug|Any CPU
		{933FAB10-269A-456B-BAA0-CBE469A3088C}.Release|Any CPU.ActiveCfg = Release|Any CPU
		{933FAB10-269A-456B-BAA0-CBE469A3088C}.Release|Any CPU.Build.0 = Release|Any CPU
		{06B61114-881B-470D-9F30-EDC988FCE6C6}.Debug|Any CPU.ActiveCfg = Debug|Any CPU
		{06B61114-881B-470D-9F30-EDC988FCE6C6}.Debug|Any CPU.Build.0 = Debug|Any CPU
		{06B61114-881B-470D-9F30-EDC988FCE6C6}.Release|Any CPU.ActiveCfg = Release|Any CPU
		{06B61114-881B-470D-9F30-EDC988FCE6C6}.Release|Any CPU.Build.0 = Release|Any CPU
		{00B98E2B-2085-43C5-8466-D4F39DB9AC7F}.Debug|Any CPU.ActiveCfg = Debug|Any CPU
		{00B98E2B-2085-43C5-8466-D4F39DB9AC7F}.Debug|Any CPU.Build.0 = Debug|Any CPU
		{00B98E2B-2085-43C5-8466-D4F39DB9AC7F}.Release|Any CPU.ActiveCfg = Release|Any CPU
		{00B98E2B-2085-43C5-8466-D4F39DB9AC7F}.Release|Any CPU.Build.0 = Release|Any CPU
		{6C418D49-1B2A-4534-8B07-09FFEF9FEF0B}.Debug|Any CPU.ActiveCfg = Debug|Any CPU
		{6C418D49-1B2A-4534-8B07-09FFEF9FEF0B}.Debug|Any CPU.Build.0 = Debug|Any CPU
		{6C418D49-1B2A-4534-8B07-09FFEF9FEF0B}.Release|Any CPU.ActiveCfg = Release|Any CPU
		{6C418D49-1B2A-4534-8B07-09FFEF9FEF0B}.Release|Any CPU.Build.0 = Release|Any CPU
		{D5B34734-DCA3-4312-8EC3-5B6683BB852D}.Debug|Any CPU.ActiveCfg = Debug|Any CPU
		{D5B34734-DCA3-4312-8EC3-5B6683BB852D}.Debug|Any CPU.Build.0 = Debug|Any CPU
		{D5B34734-DCA3-4312-8EC3-5B6683BB852D}.Release|Any CPU.ActiveCfg = Release|Any CPU
		{D5B34734-DCA3-4312-8EC3-5B6683BB852D}.Release|Any CPU.Build.0 = Release|Any CPU
		{9AD51BF5-EFDF-4AAC-8AE6-C1D567ED32D0}.Debug|Any CPU.ActiveCfg = Debug|Any CPU
		{9AD51BF5-EFDF-4AAC-8AE6-C1D567ED32D0}.Debug|Any CPU.Build.0 = Debug|Any CPU
		{9AD51BF5-EFDF-4AAC-8AE6-C1D567ED32D0}.Release|Any CPU.ActiveCfg = Release|Any CPU
		{9AD51BF5-EFDF-4AAC-8AE6-C1D567ED32D0}.Release|Any CPU.Build.0 = Release|Any CPU
		{62629B88-B8F0-4CBB-816C-136EED432C9F}.Debug|Any CPU.ActiveCfg = Debug|Any CPU
		{62629B88-B8F0-4CBB-816C-136EED432C9F}.Debug|Any CPU.Build.0 = Debug|Any CPU
		{62629B88-B8F0-4CBB-816C-136EED432C9F}.Release|Any CPU.ActiveCfg = Release|Any CPU
		{62629B88-B8F0-4CBB-816C-136EED432C9F}.Release|Any CPU.Build.0 = Release|Any CPU
		{9E110AA6-1D22-4C0D-85F3-655C513FA858}.Debug|Any CPU.ActiveCfg = Debug|Any CPU
		{9E110AA6-1D22-4C0D-85F3-655C513FA858}.Debug|Any CPU.Build.0 = Debug|Any CPU
		{9E110AA6-1D22-4C0D-85F3-655C513FA858}.Release|Any CPU.ActiveCfg = Release|Any CPU
		{9E110AA6-1D22-4C0D-85F3-655C513FA858}.Release|Any CPU.Build.0 = Release|Any CPU
		{6FA0FED2-4930-470F-82FD-FCF3FCC80C1A}.Debug|Any CPU.ActiveCfg = Debug|Any CPU
		{6FA0FED2-4930-470F-82FD-FCF3FCC80C1A}.Debug|Any CPU.Build.0 = Debug|Any CPU
		{6FA0FED2-4930-470F-82FD-FCF3FCC80C1A}.Release|Any CPU.ActiveCfg = Release|Any CPU
		{6FA0FED2-4930-470F-82FD-FCF3FCC80C1A}.Release|Any CPU.Build.0 = Release|Any CPU
		{A21A863F-96DC-4A9C-8DC9-569625CF2229}.Debug|Any CPU.ActiveCfg = Debug|Any CPU
		{A21A863F-96DC-4A9C-8DC9-569625CF2229}.Debug|Any CPU.Build.0 = Debug|Any CPU
		{A21A863F-96DC-4A9C-8DC9-569625CF2229}.Release|Any CPU.ActiveCfg = Release|Any CPU
		{A21A863F-96DC-4A9C-8DC9-569625CF2229}.Release|Any CPU.Build.0 = Release|Any CPU
	EndGlobalSection
	GlobalSection(SolutionProperties) = preSolution
		HideSolutionNode = FALSE
	EndGlobalSection
	GlobalSection(ExtensibilityGlobals) = postSolution
		SolutionGuid = {24E5C2A6-EF3B-4DCC-80BC-8ACF90AC6E06}
	EndGlobalSection
EndGlobal
